
Microsoft Visual Studio Solution File, Format Version 12.00
# Visual Studio Version 17
VisualStudioVersion = 17.7.34031.279
MinimumVisualStudioVersion = 10.0.40219.1
Project("{FAE04EC0-301F-11D3-BF4B-00C04F79EFBC}") = "ConsoleApp", "ConsoleApp\ConsoleApp.csproj", "{AE1C398C-49E8-43F9-AC5C-05CF845CCD8E}"
EndProject
Project("{FAE04EC0-301F-11D3-BF4B-00C04F79EFBC}") = "ClassLibrary", "ClassLibrary\ClassLibrary.csproj", "{5FD8942E-32A8-4D69-A6F2-02ED5624B03E}"
EndProject
Global
	GlobalSection(SolutionConfigurationPlatforms) = preSolution
		Debug|Any CPU = Debug|Any CPU
		Release|Any CPU = Release|Any CPU
	EndGlobalSection
	GlobalSection(ProjectConfigurationPlatforms) = postSolution
		{AE1C398C-49E8-43F9-AC5C-05CF845CCD8E}.Debug|Any CPU.ActiveCfg = Debug|Any CPU
		{AE1C398C-49E8-43F9-AC5C-05CF845CCD8E}.Debug|Any CPU.Build.0 = Debug|Any CPU
		{AE1C398C-49E8-43F9-AC5C-05CF845CCD8E}.Release|Any CPU.ActiveCfg = Release|Any CPU
		{AE1C398C-49E8-43F9-AC5C-05CF845CCD8E}.Release|Any CPU.Build.0 = Release|Any CPU
		{5FD8942E-32A8-4D69-A6F2-02ED5624B03E}.Debug|Any CPU.ActiveCfg = Debug|Any CPU
		{5FD8942E-32A8-4D69-A6F2-02ED5624B03E}.Debug|Any CPU.Build.0 = Debug|Any CPU
		{5FD8942E-32A8-4D69-A6F2-02ED5624B03E}.Release|Any CPU.ActiveCfg = Release|Any CPU
		{5FD8942E-32A8-4D69-A6F2-02ED5624B03E}.Release|Any CPU.Build.0 = Release|Any CPU
	EndGlobalSection
	GlobalSection(SolutionProperties) = preSolution
		HideSolutionNode = FALSE
	EndGlobalSection
	GlobalSection(ExtensibilityGlobals) = postSolution
		SolutionGuid = {437887E7-44C4-4A70-B862-1ECF9C32F372}
	EndGlobalSection
EndGlobal
